
Microsoft Visual Studio Solution File, Format Version 12.00
# Visual Studio Version 17
VisualStudioVersion = 17.0.32126.317
MinimumVisualStudioVersion = 10.0.40219.1
Project("{2150E333-8FDC-42A3-9474-1A3956D46DE8}") = "Services", "Services", "{08C8674B-A3FD-4781-9099-B7AECA449797}"
EndProject
Project("{2150E333-8FDC-42A3-9474-1A3956D46DE8}") = "Catalog", "Catalog", "{51CF4B16-1E3A-4E4E-8E16-004C81B2EDE4}"
EndProject
Project("{FAE04EC0-301F-11D3-BF4B-00C04F79EFBC}") = "Catalog.API", "Services\Catalog\Catalog.API\Catalog.API.csproj", "{2D822387-F482-41C7-8860-48D5034CE8BC}"
EndProject
Global
	GlobalSection(SolutionConfigurationPlatforms) = preSolution
		Debug|Any CPU = Debug|Any CPU
		Release|Any CPU = Release|Any CPU
	EndGlobalSection
	GlobalSection(ProjectConfigurationPlatforms) = postSolution
		{2D822387-F482-41C7-8860-48D5034CE8BC}.Debug|Any CPU.ActiveCfg = Debug|Any CPU
		{2D822387-F482-41C7-8860-48D5034CE8BC}.Debug|Any CPU.Build.0 = Debug|Any CPU
		{2D822387-F482-41C7-8860-48D5034CE8BC}.Release|Any CPU.ActiveCfg = Release|Any CPU
		{2D822387-F482-41C7-8860-48D5034CE8BC}.Release|Any CPU.Build.0 = Release|Any CPU
	EndGlobalSection
	GlobalSection(SolutionProperties) = preSolution
		HideSolutionNode = FALSE
	EndGlobalSection
	GlobalSection(NestedProjects) = preSolution
		{51CF4B16-1E3A-4E4E-8E16-004C81B2EDE4} = {08C8674B-A3FD-4781-9099-B7AECA449797}
		{2D822387-F482-41C7-8860-48D5034CE8BC} = {51CF4B16-1E3A-4E4E-8E16-004C81B2EDE4}
	EndGlobalSection
	GlobalSection(ExtensibilityGlobals) = postSolution
		SolutionGuid = {D52FC52A-8358-4F67-92B2-5458D8F50F50}
	EndGlobalSection
EndGlobal
